PODS:
  - KeychainAccess (3.0.0)
  - Nimble (5.0.0)
  - PersistentUUID (0.5.0):
    - KeychainAccess (~> 3.0.0)
  - Quick (0.10.0)

DEPENDENCIES:
  - Nimble
  - PersistentUUID (from `../`)
  - Quick

EXTERNAL SOURCES:
  PersistentUUID:
    :path: ../

SPEC CHECKSUMS:
  KeychainAccess: 412bf2650d9aebfc8135a58103b90ec38caad7f8
  Nimble: 56fc9f5020effa2206de22c3dd910f4fb011b92f
  PersistentUUID: 773b3429d28b34787ff5cd6e0c732a487b10a666
  Quick: 5d290df1c69d5ee2f0729956dcf0fd9a30447eaa

PODFILE CHECKSUM: f7f992cd39357e3656444708763ce71b18d53d74

COCOAPODS: 1.1.0.rc.2
